// !$*UTF8*$!
{
	archiveVersion = 1;
	classes = {
	};
	objectVersion = 46;
	objects = {

/* Begin PBXBuildFile section */
		661FCB401DA784C1003F351A /* AppDelegate.swift in Sources */ = {isa = PBXBuildFile; fileRef = 661FCB3F1DA784C1003F351A /* AppDelegate.swift */; };
		661FCB421DA784C1003F351A /* ViewController.swift in Sources */ = {isa = PBXBuildFile; fileRef = 661FCB411DA784C1003F351A /* ViewController.swift */; };
		661FCB451DA784C1003F351A /* Main.storyboard in Resources */ = {isa = PBXBuildFile; fileRef = 661FCB431DA784C1003F351A /* Main.storyboard */; };
		661FCB471DA784C1003F351A /* Assets.xcassets in Resources */ = {isa = PBXBuildFile; fileRef = 661FCB461DA784C1003F351A /* Assets.xcassets */; };
		661FCB4A1DA784C1003F351A /* LaunchScreen.storyboard in Resources */ = {isa = PBXBuildFile; fileRef = 661FCB481DA784C1003F351A /* LaunchScreen.storyboard */; };
		661FCB551DA784C1003F351A /* Tip_CalculatorTests.swift in Sources */ = {isa = PBXBuildFile; fileRef = 661FCB541DA784C1003F351A /* Tip_CalculatorTests.swift */; };
		661FCB601DA784C1003F351A /* Tip_CalculatorUITests.swift in Sources */ = {isa = PBXBuildFile; fileRef = 661FCB5F1DA784C1003F351A /* Tip_CalculatorUITests.swift */; };
/* End PBXBuildFile section */

/* Begin PBXContainerItemProxy section */
		661FCB511DA784C1003F351A /* PBXContainerItemProxy */ = {
			isa = PBXContainerItemProxy;
			containerPortal = 661FCB341DA784C1003F351A /* Project object */;
			proxyType = 1;
			remoteGlobalIDString = 661FCB3B1DA784C1003F351A;
			remoteInfo = "Tip Calculator";
		};
		661FCB5C1DA784C1003F351A /* PBXContainerItemProxy */ = {
			isa = PBXContainerItemProxy;
			containerPortal = 661FCB341DA784C1003F351A /* Project object */;
			proxyType = 1;
			remoteGlobalIDString = 661FCB3B1DA784C1003F351A;
			remoteInfo = "Tip Calculator";
		};
/* End PBXContainerItemProxy section */

/* Begin PBXFileReference section */
		661FCB3C1DA784C1003F351A /* Tip Calculator.app */ = {isa = PBXFileReference; explicitFileType = wrapper.application; includeInIndex = 0; path = "Tip Calculator.app"; sourceTree = BUILT_PRODUCTS_DIR; };
		661FCB3F1DA784C1003F351A /* AppDelegate.swift */ = {isa = PBXFileReference; lastKnownFileType = sourcecode.swift; path = AppDelegate.swift; sourceTree = "<group>"; };
		661FCB411DA784C1003F351A /* ViewController.swift */ = {isa = PBXFileReference; lastKnownFileType = sourcecode.swift; path = ViewController.swift; sourceTree = "<group>"; };
		661FCB441DA784C1003F351A /* Base */ = {isa = PBXFileReference; lastKnownFileType = file.storyboard; name = Base; path = Base.lproj/Main.storyboard; sourceTree = "<group>"; };
		661FCB461DA784C1003F351A /* Assets.xcassets */ = {isa = PBXFileReference; lastKnownFileType = folder.assetcatalog; path = Assets.xcassets; sourceTree = "<group>"; };
		661FCB491DA784C1003F351A /* Base */ = {isa = PBXFileReference; lastKnownFileType = file.storyboard; name = Base; path = Base.lproj/LaunchScreen.storyboard; sourceTree = "<group>"; };
		661FCB4B1DA784C1003F351A /* Info.plist */ = {isa = PBXFileReference; lastKnownFileType = text.plist.xml; path = Info.plist; sourceTree = "<group>"; };
		661FCB501DA784C1003F351A /* Tip CalculatorTests.xctest */ = {isa = PBXFileReference; explicitFileType = wrapper.cfbundle; includeInIndex = 0; path = "Tip CalculatorTests.xctest"; sourceTree = BUILT_PRODUCTS_DIR; };
		661FCB541DA784C1003F351A /* Tip_CalculatorTests.swift */ = {isa = PBXFileReference; lastKnownFileType = sourcecode.swift; path = Tip_CalculatorTests.swift; sourceTree = "<group>"; };
		661FCB561DA784C1003F351A /* Info.plist */ = {isa = PBXFileReference; lastKnownFileType = text.plist.xml; path = Info.plist; sourceTree = "<group>"; };
		661FCB5B1DA784C1003F351A /* Tip CalculatorUITests.xctest */ = {isa = PBXFileReference; explicitFileType = wrapper.cfbundle; includeInIndex = 0; path = "Tip CalculatorUITests.xctest"; sourceTree = BUILT_PRODUCTS_DIR; };
		661FCB5F1DA784C1003F351A /* Tip_CalculatorUITests.swift */ = {isa = PBXFileReference; lastKnownFileType = sourcecode.swift; path = Tip_CalculatorUITests.swift; sourceTree = "<group>"; };
		661FCB611DA784C1003F351A /* Info.plist */ = {isa = PBXFileReference; lastKnownFileType = text.plist.xml; path = Info.plist; sourceTree = "<group>"; };
/* End PBXFileReference section */

/* Begin PBXFrameworksBuildPhase section */
		661FCB391DA784C1003F351A /* Frameworks */ = {
			isa = PBXFrameworksBuildPhase;
			buildActionMask = 2147483647;
			files = (
			);
			runOnlyForDeploymentPostprocessing = 0;
		};
		661FCB4D1DA784C1003F351A /* Frameworks */ = {
			isa = PBXFrameworksBuildPhase;
			buildActionMask = 2147483647;
			files = (
			);
			runOnlyForDeploymentPostprocessing = 0;
		};
		661FCB581DA784C1003F351A /* Frameworks */ = {
			isa = PBXFrameworksBuildPhase;
			buildActionMask = 2147483647;
			files = (
			);
			runOnlyForDeploymentPostprocessing = 0;
		};
/* End PBXFrameworksBuildPhase section */

/* Begin PBXGroup section */
		661FCB331DA784C1003F351A = {
			isa = PBXGroup;
			children = (
				661FCB3E1DA784C1003F351A /* Tip Calculator */,
				661FCB531DA784C1003F351A /* Tip CalculatorTests */,
				661FCB5E1DA784C1003F351A /* Tip CalculatorUITests */,
				661FCB3D1DA784C1003F351A /* Products */,
			);
			sourceTree = "<group>";
		};
		661FCB3D1DA784C1003F351A /* Products */ = {
			isa = PBXGroup;
			children = (
				661FCB3C1DA784C1003F351A /* Tip Calculator.app */,
				661FCB501DA784C1003F351A /* Tip CalculatorTests.xctest */,
				661FCB5B1DA784C1003F351A /* Tip CalculatorUITests.xctest */,
			);
			name = Products;
			sourceTree = "<group>";
		};
		661FCB3E1DA784C1003F351A /* Tip Calculator */ = {
			isa = PBXGroup;
			children = (
				661FCB3F1DA784C1003F351A /* AppDelegate.swift */,
				661FCB411DA784C1003F351A /* ViewController.swift */,
				661FCB431DA784C1003F351A /* Main.storyboard */,
				661FCB461DA784C1003F351A /* Assets.xcassets */,
				661FCB481DA784C1003F351A /* LaunchScreen.storyboard */,
				661FCB4B1DA784C1003F351A /* Info.plist */,
			);
			path = "Tip Calculator";
			sourceTree = "<group>";
		};
		661FCB531DA784C1003F351A /* Tip CalculatorTests */ = {
			isa = PBXGroup;
			children = (
				661FCB541DA784C1003F351A /* Tip_CalculatorTests.swift */,
				661FCB561DA784C1003F351A /* Info.plist */,
			);
			path = "Tip CalculatorTests";
			sourceTree = "<group>";
		};
		661FCB5E1DA784C1003F351A /* Tip CalculatorUITests */ = {
			isa = PBXGroup;
			children = (
				661FCB5F1DA784C1003F351A /* Tip_CalculatorUITests.swift */,
				661FCB611DA784C1003F351A /* Info.plist */,
			);
			path = "Tip CalculatorUITests";
			sourceTree = "<group>";
		};
/* End PBXGroup section */

/* Begin PBXNativeTarget section */
		661FCB3B1DA784C1003F351A /* Tip Calculator */ = {
			isa = PBXNativeTarget;
			buildConfigurationList = 661FCB641DA784C1003F351A /* Build configuration list for PBXNativeTarget "Tip Calculator" */;
			buildPhases = (
				661FCB381DA784C1003F351A /* Sources */,
				661FCB391DA784C1003F351A /* Frameworks */,
				661FCB3A1DA784C1003F351A /* Resources */,
			);
			buildRules = (
			);
			dependencies = (
			);
			name = "Tip Calculator";
			productName = "Tip Calculator";
			productReference = 661FCB3C1DA784C1003F351A /* Tip Calculator.app */;
			productType = "com.apple.product-type.application";
		};
		661FCB4F1DA784C1003F351A /* Tip CalculatorTests */ = {
			isa = PBXNativeTarget;
			buildConfigurationList = 661FCB671DA784C1003F351A /* Build configuration list for PBXNativeTarget "Tip CalculatorTests" */;
			buildPhases = (
				661FCB4C1DA784C1003F351A /* Sources */,
				661FCB4D1DA784C1003F351A /* Frameworks */,
				661FCB4E1DA784C1003F351A /* Resources */,
			);
			buildRules = (
			);
			dependencies = (
				661FCB521DA784C1003F351A /* PBXTargetDependency */,
			);
			name = "Tip CalculatorTests";
			productName = "Tip CalculatorTests";
			productReference = 661FCB501DA784C1003F351A /* Tip CalculatorTests.xctest */;
			productType = "com.apple.product-type.bundle.unit-test";
		};
		661FCB5A1DA784C1003F351A /* Tip CalculatorUITests */ = {
			isa = PBXNativeTarget;
			buildConfigurationList = 661FCB6A1DA784C1003F351A /* Build configuration list for PBXNativeTarget "Tip CalculatorUITests" */;
			buildPhases = (
				661FCB571DA784C1003F351A /* Sources */,
				661FCB581DA784C1003F351A /* Frameworks */,
				661FCB591DA784C1003F351A /* Resources */,
			);
			buildRules = (
			);
			dependencies = (
				661FCB5D1DA784C1003F351A /* PBXTargetDependency */,
			);
			name = "Tip CalculatorUITests";
			productName = "Tip CalculatorUITests";
			productReference = 661FCB5B1DA784C1003F351A /* Tip CalculatorUITests.xctest */;
			productType = "com.apple.product-type.bundle.ui-testing";
		};
/* End PBXNativeTarget section */

/* Begin PBXProject section */
		661FCB341DA784C1003F351A /* Project object */ = {
			isa = PBXProject;
			attributes = {
				LastSwiftUpdateCheck = 0800;
				LastUpgradeCheck = 0800;
				ORGANIZATIONNAME = "SOTHEAVUTH NGUON";
				TargetAttributes = {
					661FCB3B1DA784C1003F351A = {
						CreatedOnToolsVersion = 8.0;
						ProvisioningStyle = Automatic;
					};
					661FCB4F1DA784C1003F351A = {
						CreatedOnToolsVersion = 8.0;
						ProvisioningStyle = Automatic;
						TestTargetID = 661FCB3B1DA784C1003F351A;
					};
					661FCB5A1DA784C1003F351A = {
						CreatedOnToolsVersion = 8.0;
						ProvisioningStyle = Automatic;
						TestTargetID = 661FCB3B1DA784C1003F351A;
					};
				};
			};
			buildConfigurationList = 661FCB371DA784C1003F351A /* Build configuration list for PBXProject "Tip Calculator" */;
			compatibilityVersion = "Xcode 3.2";
			developmentRegion = English;
			hasScannedForEncodings = 0;
			knownRegions = (
				en,
				Base,
			);
			mainGroup = 661FCB331DA784C1003F351A;
			productRefGroup = 661FCB3D1DA784C1003F351A /* Products */;
			projectDirPath = "";
			projectRoot = "";
			targets = (
				661FCB3B1DA784C1003F351A /* Tip Calculator */,
				661FCB4F1DA784C1003F351A /* Tip CalculatorTests */,
				661FCB5A1DA784C1003F351A /* Tip CalculatorUITests */,
			);
		};
/* End PBXProject section */

/* Begin PBXResourcesBuildPhase section */
		661FCB3A1DA784C1003F351A /* Resources */ = {
			isa = PBXResourcesBuildPhase;
			buildActionMask = 2147483647;
			files = (
				661FCB4A1DA784C1003F351A /* LaunchScreen.storyboard in Resources */,
				661FCB471DA784C1003F351A /* Assets.xcassets in Resources */,
				661FCB451DA784C1003F351A /* Main.storyboard in Resources */,
			);
			runOnlyForDeploymentPostprocessing = 0;
		};
		661FCB4E1DA784C1003F351A /* Resources */ = {
			isa = PBXResourcesBuildPhase;
			buildActionMask = 2147483647;
			files = (
			);
			runOnlyForDeploymentPostprocessing = 0;
		};
		661FCB591DA784C1003F351A /* Resources */ = {
			isa = PBXResourcesBuildPhase;
			buildActionMask = 2147483647;
			files = (
			);
			runOnlyForDeploymentPostprocessing = 0;
		};
/* End PBXResourcesBuildPhase section */

/* Begin PBXSourcesBuildPhase section */
		661FCB381DA784C1003F351A /* Sources */ = {
			isa = PBXSourcesBuildPhase;
			buildActionMask = 2147483647;
			files = (
				661FCB421DA784C1003F351A /* ViewController.swift in Sources */,
				661FCB401DA784C1003F351A /* AppDelegate.swift in Sources */,
			);
			runOnlyForDeploymentPostprocessing = 0;
		};
		661FCB4C1DA784C1003F351A /* Sources */ = {
			isa = PBXSourcesBuildPhase;
			buildActionMask = 2147483647;
			files = (
				661FCB551DA784C1003F351A /* Tip_CalculatorTests.swift in Sources */,
			);
			runOnlyForDeploymentPostprocessing = 0;
		};
		661FCB571DA784C1003F351A /* Sources */ = {
			isa = PBXSourcesBuildPhase;
			buildActionMask = 2147483647;
			files = (
				661FCB601DA784C1003F351A /* Tip_CalculatorUITests.swift in Sources */,
			);
			runOnlyForDeploymentPostprocessing = 0;
		};
/* End PBXSourcesBuildPhase section */

/* Begin PBXTargetDependency section */
		661FCB521DA784C1003F351A /* PBXTargetDependency */ = {
			isa = PBXTargetDependency;
			target = 661FCB3B1DA784C1003F351A /* Tip Calculator */;
			targetProxy = 661FCB511DA784C1003F351A /* PBXContainerItemProxy */;
		};
		661FCB5D1DA784C1003F351A /* PBXTargetDependency */ = {
			isa = PBXTargetDependency;
			target = 661FCB3B1DA784C1003F351A /* Tip Calculator */;
			targetProxy = 661FCB5C1DA784C1003F351A /* PBXContainerItemProxy */;
		};
/* End PBXTargetDependency section */

/* Begin PBXVariantGroup section */
		661FCB431DA784C1003F351A /* Main.storyboard */ = {
			isa = PBXVariantGroup;
			children = (
				661FCB441DA784C1003F351A /* Base */,
			);
			name = Main.storyboard;
			sourceTree = "<group>";
		};
		661FCB481DA784C1003F351A /* LaunchScreen.storyboard */ = {
			isa = PBXVariantGroup;
			children = (
				661FCB491DA784C1003F351A /* Base */,
			);
			name = LaunchScreen.storyboard;
			sourceTree = "<group>";
		};
/* End PBXVariantGroup section */

/* Begin XCBuildConfiguration section */
		661FCB621DA784C1003F351A /* Debug */ = {
			isa = XCBuildConfiguration;
			buildSettings = {
				ALWAYS_SEARCH_USER_PATHS = NO;
				CLANG_ANALYZER_NONNULL = YES;
				CLANG_CXX_LANGUAGE_STANDARD = "gnu++0x";
				CLANG_CXX_LIBRARY = "libc++";
				CLANG_ENABLE_MODULES = YES;
				CLANG_ENABLE_OBJC_ARC = YES;
				CLANG_WARN_BOOL_CONVERSION = YES;
				CLANG_WARN_CONSTANT_CONVERSION = YES;
				CLANG_WARN_DIRECT_OBJC_ISA_USAGE = YES_ERROR;
				CLANG_WARN_DOCUMENTATION_COMMENTS = YES;
				CLANG_WARN_EMPTY_BODY = YES;
				CLANG_WARN_ENUM_CONVERSION = YES;
				CLANG_WARN_INFINITE_RECURSION = YES;
				CLANG_WARN_INT_CONVERSION = YES;
				CLANG_WARN_OBJC_ROOT_CLASS = YES_ERROR;
				CLANG_WARN_SUSPICIOUS_MOVES = YES;
				CLANG_WARN_UNREACHABLE_CODE = YES;
				CLANG_WARN__DUPLICATE_METHOD_MATCH = YES;
				"CODE_SIGN_IDENTITY[sdk=iphoneos*]" = "iPhone Developer";
				COPY_PHASE_STRIP = NO;
				DEBUG_INFORMATION_FORMAT = dwarf;
				ENABLE_STRICT_OBJC_MSGSEND = YES;
				ENABLE_TESTABILITY = YES;
				GCC_C_LANGUAGE_STANDARD = gnu99;
				GCC_DYNAMIC_NO_PIC = NO;
				GCC_NO_COMMON_BLOCKS = YES;
				GCC_OPTIMIZATION_LEVEL = 0;
				GCC_PREPROCESSOR_DEFINITIONS = (
					"DEBUG=1",
					"$(inherited)",
				);
				GCC_WARN_64_TO_32_BIT_CONVERSION = YES;
				GCC_WARN_ABOUT_RETURN_TYPE = YES_ERROR;
				GCC_WARN_UNDECLARED_SELECTOR = YES;
				GCC_WARN_UNINITIALIZED_AUTOS = YES_AGGRESSIVE;
				GCC_WARN_UNUSED_FUNCTION = YES;
				GCC_WARN_UNUSED_VARIABLE = YES;
				IPHONEOS_DEPLOYMENT_TARGET = 10.0;
				MTL_ENABLE_DEBUG_INFO = YES;
				ONLY_ACTIVE_ARCH = YES;
				SDKROOT = iphoneos;
				SWIFT_ACTIVE_COMPILATION_CONDITIONS = DEBUG;
				SWIFT_OPTIMIZATION_LEVEL = "-Onone";
				TARGETED_DEVICE_FAMILY = "1,2";
			};
			name = Debug;
		};
		661FCB631DA784C1003F351A /* Release */ = {
			isa = XCBuildConfiguration;
			buildSettings = {
				ALWAYS_SEARCH_USER_PATHS = NO;
				CLANG_ANALYZER_NONNULL = YES;
				CLANG_CXX_LANGUAGE_STANDARD = "gnu++0x";
				CLANG_CXX_LIBRARY = "libc++";
				CLANG_ENABLE_MODULES = YES;
				CLANG_ENABLE_OBJC_ARC = YES;
				CLANG_WARN_BOOL_CONVERSION = YES;
				CLANG_WARN_CONSTANT_CONVERSION = YES;
				CLANG_WARN_DIRECT_OBJC_ISA_USAGE = YES_ERROR;
				CLANG_WARN_DOCUMENTATION_COMMENTS = YES;
				CLANG_WARN_EMPTY_BODY = YES;
				CLANG_WARN_ENUM_CONVERSION = YES;
				CLANG_WARN_INFINITE_RECURSION = YES;
				CLANG_WARN_INT_CONVERSION = YES;
				CLANG_WARN_OBJC_ROOT_CLASS = YES_ERROR;
				CLANG_WARN_SUSPICIOUS_MOVES = YES;
				CLANG_WARN_UNREACHABLE_CODE = YES;
				CLANG_WARN__DUPLICATE_METHOD_MATCH = YES;
				"CODE_SIGN_IDENTITY[sdk=iphoneos*]" = "iPhone Developer";
				COPY_PHASE_STRIP = NO;
				DEBUG_INFORMATION_FORMAT = "dwarf-with-dsym";
				ENABLE_NS_ASSERTIONS = NO;
				ENABLE_STRICT_OBJC_MSGSEND = YES;
				GCC_C_LANGUAGE_STANDARD = gnu99;
				GCC_NO_COMMON_BLOCKS = YES;
				GCC_WARN_64_TO_32_BIT_CONVERSION = YES;
				GCC_WARN_ABOUT_RETURN_TYPE = YES_ERROR;
				GCC_WARN_UNDECLARED_SELECTOR = YES;
				GCC_WARN_UNINITIALIZED_AUTOS = YES_AGGRESSIVE;
				GCC_WARN_UNUSED_FUNCTION = YES;
				GCC_WARN_UNUSED_VARIABLE = YES;
				IPHONEOS_DEPLOYMENT_TARGET = 10.0;
				MTL_ENABLE_DEBUG_INFO = NO;
				SDKROOT = iphoneos;
				SWIFT_OPTIMIZATION_LEVEL = "-Owholemodule";
				TARGETED_DEVICE_FAMILY = "1,2";
				VALIDATE_PRODUCT = YES;
			};
			name = Release;
		};
		661FCB651DA784C1003F351A /* Debug */ = {
			isa = XCBuildConfiguration;
			buildSettings = {
				ASSETCATALOG_COMPILER_APPICON_NAME = AppIcon;
				INFOPLIST_FILE = "Tip Calculator/Info.plist";
				LD_RUNPATH_SEARCH_PATHS = "$(inherited) @executable_path/Frameworks";
				PRODUCT_BUNDLE_IDENTIFIER = "com.theavuth.Tip-Calculator";
				PRODUCT_NAME = "$(TARGET_NAME)";
				SWIFT_VERSION = 3.0;
			};
			name = Debug;
		};
		661FCB661DA784C1003F351A /* Release */ = {
			isa = XCBuildConfiguration;
			buildSettings = {
				ASSETCATALOG_COMPILER_APPICON_NAME = AppIcon;
				INFOPLIST_FILE = "Tip Calculator/Info.plist";
				LD_RUNPATH_SEARCH_PATHS = "$(inherited) @executable_path/Frameworks";
				PRODUCT_BUNDLE_IDENTIFIER = "com.theavuth.Tip-Calculator";
				PRODUCT_NAME = "$(TARGET_NAME)";
				SWIFT_VERSION = 3.0;
			};
			name = Release;
		};
		661FCB681DA784C1003F351A /* Debug */ = {
			isa = XCBuildConfiguration;
			buildSettings = {
				ALWAYS_EMBED_SWIFT_STANDARD_LIBRARIES = YES;
				BUNDLE_LOADER = "$(TEST_HOST)";
				INFOPLIST_FILE = "Tip CalculatorTests/Info.plist";
				LD_RUNPATH_SEARCH_PATHS = "$(inherited) @executable_path/Frameworks @loader_path/Frameworks";
				PRODUCT_BUNDLE_IDENTIFIER = "com.theavuth.Tip-CalculatorTests";
				PRODUCT_NAME = "$(TARGET_NAME)";
				SWIFT_VERSION = 3.0;
				TEST_HOST = "$(BUILT_PRODUCTS_DIR)/Tip Calculator.app/Tip Calculator";
			};
			name = Debug;
		};
		661FCB691DA784C1003F351A /* Release */ = {
			isa = XCBuildConfiguration;
			buildSettings = {
				ALWAYS_EMBED_SWIFT_STANDARD_LIBRARIES = YES;
				BUNDLE_LOADER = "$(TEST_HOST)";
				INFOPLIST_FILE = "Tip CalculatorTests/Info.plist";
				LD_RUNPATH_SEARCH_PATHS = "$(inherited) @executable_path/Frameworks @loader_path/Frameworks";
				PRODUCT_BUNDLE_IDENTIFIER = "com.theavuth.Tip-CalculatorTests";
				PRODUCT_NAME = "$(TARGET_NAME)";
				SWIFT_VERSION = 3.0;
				TEST_HOST = "$(BUILT_PRODUCTS_DIR)/Tip Calculator.app/Tip Calculator";
			};
			name = Release;
		};
		661FCB6B1DA784C1003F351A /* Debug */ = {
			isa = XCBuildConfiguration;
			buildSettings = {
				ALWAYS_EMBED_SWIFT_STANDARD_LIBRARIES = YES;
				INFOPLIST_FILE = "Tip CalculatorUITests/Info.plist";
				LD_RUNPATH_SEARCH_PATHS = "$(inherited) @executable_path/Frameworks @loader_path/Frameworks";
				PRODUCT_BUNDLE_IDENTIFIER = "com.theavuth.Tip-CalculatorUITests";
				PRODUCT_NAME = "$(TARGET_NAME)";
				SWIFT_VERSION = 3.0;
				TEST_TARGET_NAME = "Tip Calculator";
			};
			name = Debug;
		};
		661FCB6C1DA784C1003F351A /* Release */ = {
			isa = XCBuildConfiguration;
			buildSettings = {
				ALWAYS_EMBED_SWIFT_STANDARD_LIBRARIES = YES;
				INFOPLIST_FILE = "Tip CalculatorUITests/Info.plist";
				LD_RUNPATH_SEARCH_PATHS = "$(inherited) @executable_path/Frameworks @loader_path/Frameworks";
				PRODUCT_BUNDLE_IDENTIFIER = "com.theavuth.Tip-CalculatorUITests";
				PRODUCT_NAME = "$(TARGET_NAME)";
				SWIFT_VERSION = 3.0;
				TEST_TARGET_NAME = "Tip Calculator";
			};
			name = Release;
		};
/* End XCBuildConfiguration section */

/* Begin XCConfigurationList section */
		661FCB371DA784C1003F351A /* Build configuration list for PBXProject "Tip Calculator" */ = {
			isa = XCConfigurationList;
			buildConfigurations = (
				661FCB621DA784C1003F351A /* Debug */,
				661FCB631DA784C1003F351A /* Release */,
			);
			defaultConfigurationIsVisible = 0;
			defaultConfigurationName = Release;
		};
		661FCB641DA784C1003F351A /* Build configuration list for PBXNativeTarget "Tip Calculator" */ = {
			isa = XCConfigurationList;
			buildConfigurations = (
				661FCB651DA784C1003F351A /* Debug */,
				661FCB661DA784C1003F351A /* Release */,
			);
			defaultConfigurationIsVisible = 0;
		};
		661FCB671DA784C1003F351A /* Build configuration list for PBXNativeTarget "Tip CalculatorTests" */ = {
			isa = XCConfigurationList;
			buildConfigurations = (
				661FCB681DA784C1003F351A /* Debug */,
				661FCB691DA784C1003F351A /* Release */,
			);
			defaultConfigurationIsVisible = 0;
		};
		661FCB6A1DA784C1003F351A /* Build configuration list for PBXNativeTarget "Tip CalculatorUITests" */ = {
			isa = XCConfigurationList;
			buildConfigurations = (
				661FCB6B1DA784C1003F351A /* Debug */,
				661FCB6C1DA784C1003F351A /* Release */,
			);
			defaultConfigurationIsVisible = 0;
		};
/* End XCConfigurationList section */
	};
	rootObject = 661FCB341DA784C1003F351A /* Project object */;
}
